{
  "lockfileVersion": 1,
  "configVersion": 0,
  "workspaces": {
    "": {
      "name": "obrez-ts",
      "dependencies": {
        "@fontsource-variable/rubik": "^5.2.8",
        "mediabunny": "^1.46.0",
        "react": "^19.0.0",
        "react-dom": "^19.0.0",
        "sql.js": "^1.14.1",
        "zustand": "^5.0.14",
      },
      "devDependencies": {
        "@playwright/test": "^1.60.0",
        "@types/node": "^25.3.5",
        "@types/react": "^19.0.0",
        "@types/react-dom": "^19.0.0",
        "bun-plugin-tailwind": "^0.1.2",
        "tailwindcss": "^4.2.1",
        "typescript": "^5.9.3",
      },
    },
  },
  "packages": {
    "@fontsource-variable/rubik": ["@fontsource-variable/rubik@5.2.8", "", {}, "sha512-vGDExLzB4a2Fj9mca5LqNoA2ZKcU9o+x5FEBLte/nxYkCB9hOQwZS6ZlItUv+Ssn7YMzKauGuI/Po+YueFuZbg=="],

    "@oven/bun-darwin-aarch64": ["@oven/bun-darwin-aarch64@1.3.10", "", { "os": "darwin", "cpu": "arm64" }, "sha512-PXgg5gqcS/rHwa1hF0JdM1y5TiyejVrMHoBmWY/DjtfYZoFTXie1RCFOkoG0b5diOOmUcuYarMpH7CSNTqwj+w=="],

    "@oven/bun-darwin-x64": ["@oven/bun-darwin-x64@1.3.10", "", { "os": "darwin", "cpu": "x64" }, "sha512-Nhssuh7GBpP5PiDSOl3+qnoIG7PJo+ec2oomDevnl9pRY6x6aD2gRt0JE+uf+A8Om2D6gjeHCxjEdrw5ZHE8mA=="],

    "@oven/bun-darwin-x64-baseline": ["@oven/bun-darwin-x64-baseline@1.3.10", "", { "os": "darwin", "cpu": "x64" }, "sha512-w1gaTlqU0IJCmJ1X+PGHkdNU1n8Gemx5YKkjhkJIguvFINXEBB5U1KG82QsT65Tk4KyNMfbLTlmy4giAvUoKfA=="],

    "@oven/bun-linux-aarch64": ["@oven/bun-linux-aarch64@1.3.10", "", { "os": "linux", "cpu": "arm64" }, "sha512-OUgPHfL6+PM2Q+tFZjcaycN3D7gdQdYlWnwMI31DXZKY1r4HINWk9aEz9t/rNaHg65edwNrt7dsv9TF7xK8xIA=="],

    "@oven/bun-linux-aarch64-musl": ["@oven/bun-linux-aarch64-musl@1.3.10", "", { "os": "linux", "cpu": "arm64" }, "sha512-Ui5pAgM7JE9MzHokF0VglRMkbak3lTisY4Mf1AZutPACXWgKJC5aGrgnHBfkl7QS6fEeYb0juy1q4eRznRHOsw=="],

    "@oven/bun-linux-x64": ["@oven/bun-linux-x64@1.3.10", "", { "os": "linux", "cpu": "x64" }, "sha512-bzUgYj/PIZziB/ZesIP9HUyfvh6Vlf3od+TrbTTyVEuCSMKzDPQVW/yEbRp0tcHO3alwiEXwJDrWrHAguXlgiQ=="],

    "@oven/bun-linux-x64-baseline": ["@oven/bun-linux-x64-baseline@1.3.10", "", { "os": "linux", "cpu": "x64" }, "sha512-oqvMDYpX6dGJO03HgO5bXuccEsH3qbdO3MaAiAlO4CfkBPLUXz3N0DDElg5hz0L6ktdDVKbQVE5lfe+LAUISQg=="],

    "@oven/bun-linux-x64-musl": ["@oven/bun-linux-x64-musl@1.3.10", "", { "os": "linux", "cpu": "x64" }, "sha512-poVXvOShekbexHq45b4MH/mRjQKwACAC8lHp3Tz/hEDuz0/20oncqScnmKwzhBPEpqJvydXficXfBYuSim8opw=="],

    "@oven/bun-linux-x64-musl-baseline": ["@oven/bun-linux-x64-musl-baseline@1.3.10", "", { "os": "linux", "cpu": "x64" }, "sha512-/hOZ6S1VsTX6vtbhWVL9aAnOrdpuO54mAGUWpTdMz7dFG5UBZ/VUEiK0pBkq9A1rlBk0GeD/6Y4NBFl8Ha7cRA=="],

    "@oven/bun-windows-aarch64": ["@oven/bun-windows-aarch64@1.3.10", "", { "os": "win32", "cpu": "arm64" }, "sha512-GXbz2swvN2DLw2dXZFeedMxSJtI64xQ9xp9Eg7Hjejg6mS2E4dP1xoQ2yAo2aZPi/2OBPAVaGzppI2q20XumHA=="],

    "@oven/bun-windows-x64": ["@oven/bun-windows-x64@1.3.10", "", { "os": "win32", "cpu": "x64" }, "sha512-qaS1In3yfC/Z/IGQriVmF8GWwKuNqiw7feTSJWaQhH5IbL6ENR+4wGNPniZSJFaM/SKUO0e/YCRdoVBvgU4C1g=="],

    "@oven/bun-windows-x64-baseline": ["@oven/bun-windows-x64-baseline@1.3.10", "", { "os": "win32", "cpu": "x64" }, "sha512-gh3UAHbUdDUG6fhLc1Csa4IGdtghue6U8oAIXWnUqawp6lwb3gOCRvp25IUnLF5vUHtgfMxuEUYV7YA2WxVutw=="],

    "@playwright/test": ["@playwright/test@1.60.0", "", { "dependencies": { "playwright": "1.60.0" }, "bin": { "playwright": "cli.js" } }, "sha512-O71yZIbAh/PxDMNGns37GHBIfrVkEVyn+AXyIa5dOTfb4/xNvRWV+Vv/NMbNCtODB/pO7vLlF2OTmMVLhmr7Ag=="],

    "@types/dom-mediacapture-transform": ["@types/dom-mediacapture-transform@0.1.11", "", { "dependencies": { "@types/dom-webcodecs": "*" } }, "sha512-Y2p+nGf1bF2XMttBnsVPHUWzRRZzqUoJAKmiP10b5umnO6DDrWI0BrGDJy1pOHoOULVmGSfFNkQrAlC5dcj6nQ=="],

    "@types/dom-webcodecs": ["@types/dom-webcodecs@0.1.13", "", {}, "sha512-O5hkiFIcjjszPIYyUSyvScyvrBoV3NOEEZx/pMlsu44TKzWNkLVBBxnxJz42in5n3QIolYOcBYFCPZZ0h8SkwQ=="],

    "@types/node": ["@types/node@25.3.5", "", { "dependencies": { "undici-types": "~7.18.0" } }, "sha512-oX8xrhvpiyRCQkG1MFchB09f+cXftgIXb3a7UUa4Y3wpmZPw5tyZGTLWhlESOLq1Rq6oDlc8npVU2/9xiCuXMA=="],

    "@types/react": ["@types/react@19.2.16", "", { "dependencies": { "csstype": "^3.2.2" } }, "sha512-esJiCAnl0kfpNdE69f3So4WJUXy95dLZydX0KwK46riIHDzHM7O9Vtf9xCHW0PXIqvgqNrswl522kA/5yx+F4w=="],

    "@types/react-dom": ["@types/react-dom@19.2.3", "", { "peerDependencies": { "@types/react": "^19.2.0" } }, "sha512-jp2L/eY6fn+KgVVQAOqYItbF0VY/YApe5Mz2F0aykSO8gx31bYCZyvSeYxCHKvzHG5eZjc+zyaS5BrBWya2+kQ=="],

    "bun": ["bun@1.3.10", "", { "optionalDependencies": { "@oven/bun-darwin-aarch64": "1.3.10", "@oven/bun-darwin-x64": "1.3.10", "@oven/bun-darwin-x64-baseline": "1.3.10", "@oven/bun-linux-aarch64": "1.3.10", "@oven/bun-linux-aarch64-musl": "1.3.10", "@oven/bun-linux-x64": "1.3.10", "@oven/bun-linux-x64-baseline": "1.3.10", "@oven/bun-linux-x64-musl": "1.3.10", "@oven/bun-linux-x64-musl-baseline": "1.3.10", "@oven/bun-windows-aarch64": "1.3.10", "@oven/bun-windows-x64": "1.3.10", "@oven/bun-windows-x64-baseline": "1.3.10" }, "os": [ "linux", "win32", "darwin", ], "cpu": [ "x64", "arm64", ], "bin": { "bun": "bin/bun.exe", "bunx": "bin/bunx.exe" } }, "sha512-S/CXaXXIyA4CMjdMkYQ4T2YMqnAn4s0ysD3mlsY4bUiOCqGlv28zck4Wd4H4kpvbekx15S9mUeLQ7Uxd0tYTLA=="],

    "bun-plugin-tailwind": ["bun-plugin-tailwind@0.1.2", "", { "peerDependencies": { "bun": ">=1.0.0" } }, "sha512-41jNC1tZRSK3s1o7pTNrLuQG8kL/0vR/JgiTmZAJ1eHwe0w5j6HFPKeqEk0WAD13jfrUC7+ULuewFBBCoADPpg=="],

    "csstype": ["csstype@3.2.3", "", {}, "sha512-z1HGKcYy2xA8AGQfwrn0PAy+PB7X/GSj3UVJW9qKyn43xWa+gl5nXmU4qqLMRzWVLFC8KusUX8T/0kCiOYpAIQ=="],

    "fsevents": ["fsevents@2.3.2", "", { "os": "darwin" }, "sha512-xiqMQR4xAeHTuB9uWm+fFRcIOgKBMiOBP+eXiyT7jsgVCq1bkVygt00oASowB7EdtpOHaaPgKt812P9ab+DDKA=="],

    "mediabunny": ["mediabunny@1.46.0", "", { "dependencies": { "@types/dom-mediacapture-transform": "^0.1.11", "@types/dom-webcodecs": "0.1.13" } }, "sha512-HIaMQ6PVMndrFb9sNCh9/uAsLFBfLzyAgbk3kN7ZqlRRq//9RPYqIOQtXYpkbWBZU8ZJkaAUNLDtwTcdKo7yQw=="],

    "playwright": ["playwright@1.60.0", "", { "dependencies": { "playwright-core": "1.60.0" }, "optionalDependencies": { "fsevents": "2.3.2" }, "bin": { "playwright": "cli.js" } }, "sha512-hheHdokM8cdqCb0lcE3s+zT4t4W+vvjpGxsZlDnikarzx8tSzMebh3UiFtgqwFwnTnjYQcsyMF8ei2mCO/tpeA=="],

    "playwright-core": ["playwright-core@1.60.0", "", { "bin": { "playwright-core": "cli.js" } }, "sha512-9bW6zvX/m0lEbgTKJ6YppOKx8H3VOPBMOCFh2irXFOT4BbHgrx5hPjwJYLT40Lu+4qtD36qKc/Hn56StUW57IA=="],

    "react": ["react@19.2.7", "", {}, "sha512-HNe9WslTbXmFK8o8cmwgAeJFSBvt1bPdHCVKtaaV+WlAN36mpT4hcRpwbf3fY56ar2oIXzsBpOAiIRHAdY0OlQ=="],

    "react-dom": ["react-dom@19.2.7", "", { "dependencies": { "scheduler": "^0.27.0" }, "peerDependencies": { "react": "^19.2.7" } }, "sha512-t0BRVXvbiE/o20Hfw669rLbMCDWtYZLvmJigy2f0MxsXF+71pxhR3xOkspmsO8h3ZlNzyibAmtCa3l4lYKk6gQ=="],

    "scheduler": ["scheduler@0.27.0", "", {}, "sha512-eNv+WrVbKu1f3vbYJT/xtiF5syA5HPIMtf9IgY/nKg0sWqzAUEvqY/xm7OcZc/qafLx/iO9FgOmeSAp4v5ti/Q=="],

    "sql.js": ["sql.js@1.14.1", "", {}, "sha512-gcj8zBWU5cFsi9WUP+4bFNXAyF1iRpA3LLyS/DP5xlrNzGmPIizUeBggKa8DbDwdqaKwUcTEnChtd2grWo/x/A=="],

    "tailwindcss": ["tailwindcss@4.2.1", "", {}, "sha512-/tBrSQ36vCleJkAOsy9kbNTgaxvGbyOamC30PRePTQe/o1MFwEKHQk4Cn7BNGaPtjp+PuUrByJehM1hgxfq4sw=="],

    "typescript": ["typescript@5.9.3", "", { "bin": { "tsc": "bin/tsc", "tsserver": "bin/tsserver" } }, "sha512-jl1vZzPDinLr9eUt3J/t7V6FgNEw9QjvBPdysz9KfQDD41fQrC2Y4vKQdiaUpFT4bXlb1RHhLpp8wtm6M5TgSw=="],

    "undici-types": ["undici-types@7.18.2", "", {}, "sha512-AsuCzffGHJybSaRrmr5eHr81mwJU3kjw6M+uprWvCXiNeN9SOGwQ3Jn8jb8m3Z6izVgknn1R0FTCEAP2QrLY/w=="],

    "zustand": ["zustand@5.0.14", "", { "peerDependencies": { "@types/react": ">=18.0.0", "immer": ">=9.0.6", "react": ">=18.0.0", "use-sync-external-store": ">=1.2.0" }, "optionalPeers": ["@types/react", "immer", "react", "use-sync-external-store"] }, "sha512-/8tAspM5LMPr28b3fwLYrtdj77ECpfZviaP75CMTnwO8ISyaE4GDIG/9rDDYq/cH9D2Xw2A2RXglLInmVBQB/g=="],
  }
}
